
Microsoft Visual Studio Solution File, Format Version 12.00
# Visual Studio 15
VisualStudioVersion = 15.0.27428.2037
MinimumVisualStudioVersion = 10.0.40219.1
Project("{8BC9CEB8-8B4A-11D0-8D11-00A0C91BC942}") = "Iterpretator_just_a_example", "Iterpretator_just_a_example\Iterpretator_just_a_example.vcxproj", "{BE8C6074-6B87-4A9C-9CEC-190630516219}"
EndProject
Global
	GlobalSection(SolutionConfigurationPlatforms) = preSolution
		Debug|x64 = Debug|x64
		Debug|x86 = Debug|x86
		Release|x64 = Release|x64
		Release|x86 = Release|x86
	EndGlobalSection
	GlobalSection(ProjectConfigurationPlatforms) = postSolution
		{BE8C6074-6B87-4A9C-9CEC-190630516219}.Debug|x64.ActiveCfg = Debug|x64
		{BE8C6074-6B87-4A9C-9CEC-190630516219}.Debug|x64.Build.0 = Debug|x64
		{BE8C6074-6B87-4A9C-9CEC-190630516219}.Debug|x86.ActiveCfg = Debug|Win32
		{BE8C6074-6B87-4A9C-9CEC-190630516219}.Debug|x86.Build.0 = Debug|Win32
		{BE8C6074-6B87-4A9C-9CEC-190630516219}.Release|x64.ActiveCfg = Release|x64
		{BE8C6074-6B87-4A9C-9CEC-190630516219}.Release|x64.Build.0 = Release|x64
		{BE8C6074-6B87-4A9C-9CEC-190630516219}.Release|x86.ActiveCfg = Release|Win32
		{BE8C6074-6B87-4A9C-9CEC-190630516219}.Release|x86.Build.0 = Release|Win32
	EndGlobalSection
	GlobalSection(SolutionProperties) = preSolution
		HideSolutionNode = FALSE
	EndGlobalSection
	GlobalSection(ExtensibilityGlobals) = postSolution
		SolutionGuid = {8F0A162D-3721-4DAA-8848-76728EB0BD5E}
	EndGlobalSection
EndGlobal
